{
  "requires": true,
  "lockfileVersion": 1,
  "dependencies": {
    "@types/jasmine": {
      "version": "2.8.8",
      "resolved": "https://registry.npmjs.org/@types/jasmine/-/jasmine-2.8.8.tgz",
      "integrity": "sha512-OJSUxLaxXsjjhob2DBzqzgrkLmukM3+JMpRp0r0E4HTdT1nwDCWhaswjYxazPij6uOdzHCJfNbDjmQ1/rnNbCg=="
    },
    "@types/jasminewd2": {
      "version": "2.0.3",
      "resolved": "https://registry.npmjs.org/@types/jasminewd2/-/jasminewd2-2.0.3.tgz",
      "integrity": "sha512-hYDVmQZT5VA2kigd4H4bv7vl/OhlympwREUemqBdOqtrYTo5Ytm12a5W5/nGgGYdanGVxj0x/VhZ7J3hOg/YKg==",
      "requires": {
        "@types/jasmine": "*"
      }
    },
    "ngx-toastr": {
      "version": "9.1.2",
      "resolved": "https://registry.npmjs.org/ngx-toastr/-/ngx-toastr-9.1.2.tgz",
      "integrity": "sha512-XhK3xA73ueF+YZawtqKs6+FQ1OMdx+EzCPihNTMSSXDthglfcgzDzia/OMSGjhx0h7/AK4N/BAbFau9L5RqVDg==",
      "requires": {
        "tslib": "^1.9.0"
      },
      "dependencies": {
        "tslib": {
          "version": "1.9.3",
          "resolved": "https://registry.npmjs.org/tslib/-/tslib-1.9.3.tgz",
          "integrity": "sha512-4krF8scpejhaOgqzBEcGM7yDIEfi0/8+8zDRZhNZZ2kjmHJ4hv3zCbQWxoJGz1iw5U0Jl0nma13xzHXcncMavQ=="
        }
      }
    },
    "typescript": {
      "version": "3.2.4",
      "resolved": "https://registry.npmjs.org/typescript/-/typescript-3.2.4.tgz",
      "integrity": "sha512-0RNDbSdEokBeEAkgNbxJ+BLwSManFy9TeXz8uW+48j/xhEXv1ePME60olyzw2XzUqUBNAYFeJadIqAgNqIACwg=="
    }
  }
}
